
Microsoft Visual Studio Solution File, Format Version 12.00
# Visual Studio Version 16
VisualStudioVersion = 16.0.30104.148
MinimumVisualStudioVersion = 10.0.40219.1
Project("{FAE04EC0-301F-11D3-BF4B-00C04F79EFBC}") = "WebApiEFCore", "WebApiEFCore\WebApiEFCore.csproj", "{0089A505-BBD6-4824-BB7D-7492820ECEDC}"
EndProject
Project("{FAE04EC0-301F-11D3-BF4B-00C04F79EFBC}") = "WebApiEFCore.Data", "WebApiEFCore.Data\WebApiEFCore.Data.csproj", "{9289D250-3066-48DA-9103-B6E931DD57BC}"
EndProject
Project("{FAE04EC0-301F-11D3-BF4B-00C04F79EFBC}") = "WebApiEFCore.Model", "WebApiEFCore.Model\WebApiEFCore.Model.csproj", "{2F89695A-1928-4099-BDFD-0AD5EFE73BF2}"
EndProject
Global
	GlobalSection(SolutionConfigurationPlatforms) = preSolution
		Debug|Any CPU = Debug|Any CPU
		Release|Any CPU = Release|Any CPU
	EndGlobalSection
	GlobalSection(ProjectConfigurationPlatforms) = postSolution
		{0089A505-BBD6-4824-BB7D-7492820ECEDC}.Debug|Any CPU.ActiveCfg = Debug|Any CPU
		{0089A505-BBD6-4824-BB7D-7492820ECEDC}.Debug|Any CPU.Build.0 = Debug|Any CPU
		{0089A505-BBD6-4824-BB7D-7492820ECEDC}.Release|Any CPU.ActiveCfg = Release|Any CPU
		{0089A505-BBD6-4824-BB7D-7492820ECEDC}.Release|Any CPU.Build.0 = Release|Any CPU
		{9289D250-3066-48DA-9103-B6E931DD57BC}.Debug|Any CPU.ActiveCfg = Debug|Any CPU
		{9289D250-3066-48DA-9103-B6E931DD57BC}.Debug|Any CPU.Build.0 = Debug|Any CPU
		{9289D250-3066-48DA-9103-B6E931DD57BC}.Release|Any CPU.ActiveCfg = Release|Any CPU
		{9289D250-3066-48DA-9103-B6E931DD57BC}.Release|Any CPU.Build.0 = Release|Any CPU
		{2F89695A-1928-4099-BDFD-0AD5EFE73BF2}.Debug|Any CPU.ActiveCfg = Debug|Any CPU
		{2F89695A-1928-4099-BDFD-0AD5EFE73BF2}.Debug|Any CPU.Build.0 = Debug|Any CPU
		{2F89695A-1928-4099-BDFD-0AD5EFE73BF2}.Release|Any CPU.ActiveCfg = Release|Any CPU
		{2F89695A-1928-4099-BDFD-0AD5EFE73BF2}.Release|Any CPU.Build.0 = Release|Any CPU
	EndGlobalSection
	GlobalSection(SolutionProperties) = preSolution
		HideSolutionNode = FALSE
	EndGlobalSection
	GlobalSection(ExtensibilityGlobals) = postSolution
		SolutionGuid = {7381EFCE-426B-4498-BAF2-989F5ED02245}
	EndGlobalSection
EndGlobal
